
Microsoft Visual Studio Solution File, Format Version 12.00
# Visual Studio Express 15 for Windows Desktop
VisualStudioVersion = 15.0.36617.4
MinimumVisualStudioVersion = 10.0.40219.1
Project("{FAE04EC0-301F-11D3-BF4B-00C04F79EFBC}") = "Expense_Tracker", "Expense_Tracker\Expense_Tracker.csproj", "{EB11B0D3-061E-488D-A2C1-2BB50DF31391}"
EndProject
Global
	GlobalSection(SolutionConfigurationPlatforms) = preSolution
		Debug|Any CPU = Debug|Any CPU
		Release|Any CPU = Release|Any CPU
	EndGlobalSection
	GlobalSection(ProjectConfigurationPlatforms) = postSolution
		{EB11B0D3-061E-488D-A2C1-2BB50DF31391}.Debug|Any CPU.ActiveCfg = Debug|Any CPU
		{EB11B0D3-061E-488D-A2C1-2BB50DF31391}.Debug|Any CPU.Build.0 = Debug|Any CPU
		{EB11B0D3-061E-488D-A2C1-2BB50DF31391}.Release|Any CPU.ActiveCfg = Release|Any CPU
		{EB11B0D3-061E-488D-A2C1-2BB50DF31391}.Release|Any CPU.Build.0 = Release|Any CPU
	EndGlobalSection
	GlobalSection(SolutionProperties) = preSolution
		HideSolutionNode = FALSE
	EndGlobalSection
	GlobalSection(ExtensibilityGlobals) = postSolution
		SolutionGuid = {5E9B85D0-8619-4EDC-8DD5-456DC08F438D}
	EndGlobalSection
EndGlobal
